// !$*UTF8*$!
{
	archiveVersion = 1;
	classes = {
	};
	objectVersion = 51;
	objects = {

/* Begin PBXBuildFile section */
		090E4117BF1CA6324FC6A5C5 /* Pods_Parstagram.framework in Frameworks */ = {isa = PBXBuildFile; fileRef = C972530FB0396CC79DFFC7E1 /* Pods_Parstagram.framework */; };
		B0163B1625F0814200A8BCC1 /* AppDelegate.swift in Sources */ = {isa = PBXBuildFile; fileRef = B0163B1525F0814200A8BCC1 /* AppDelegate.swift */; };
		B0163B1825F0814200A8BCC1 /* SceneDelegate.swift in Sources */ = {isa = PBXBuildFile; fileRef = B0163B1725F0814200A8BCC1 /* SceneDelegate.swift */; };
		B0163B1D25F0814200A8BCC1 /* Main.storyboard in Resources */ = {isa = PBXBuildFile; fileRef = B0163B1B25F0814200A8BCC1 /* Main.storyboard */; };
		B0163B1F25F0814500A8BCC1 /* Assets.xcassets in Resources */ = {isa = PBXBuildFile; fileRef = B0163B1E25F0814500A8BCC1 /* Assets.xcassets */; };
		B0163B2225F0814500A8BCC1 /* LaunchScreen.storyboard in Resources */ = {isa = PBXBuildFile; fileRef = B0163B2025F0814500A8BCC1 /* LaunchScreen.storyboard */; };
		B0163B2D25F0814500A8BCC1 /* ParstagramTests.swift in Sources */ = {isa = PBXBuildFile; fileRef = B0163B2C25F0814500A8BCC1 /* ParstagramTests.swift */; };
		B0163B3825F0814500A8BCC1 /* ParstagramUITests.swift in Sources */ = {isa = PBXBuildFile; fileRef = B0163B3725F0814500A8BCC1 /* ParstagramUITests.swift */; };
		B0163B5825F0845100A8BCC1 /* LoginViewController.swift in Sources */ = {isa = PBXBuildFile; fileRef = B0163B5725F0845100A8BCC1 /* LoginViewController.swift */; };
		B0163B5D25F0848100A8BCC1 /* FeedViewController.swift in Sources */ = {isa = PBXBuildFile; fileRef = B0163B5C25F0848100A8BCC1 /* FeedViewController.swift */; };
		B0163B6225F099EE00A8BCC1 /* CameraViewController.swift in Sources */ = {isa = PBXBuildFile; fileRef = B0163B6125F099EE00A8BCC1 /* CameraViewController.swift */; };
		B09DE56525F2CDBF00C65951 /* PostCell.swift in Sources */ = {isa = PBXBuildFile; fileRef = B09DE56425F2CDBE00C65951 /* PostCell.swift */; };
		BA46EE8303BC0ACEF719AEFC /* Pods_ParstagramTests.framework in Frameworks */ = {isa = PBXBuildFile; fileRef = 3A43A429973B688DE6B685A3 /* Pods_ParstagramTests.framework */; };
		E796E8944DFFC0F81D39C6D2 /* Pods_Parstagram_ParstagramUITests.framework in Frameworks */ = {isa = PBXBuildFile; fileRef = D771AEFA1421E0AFD5D36644 /* Pods_Parstagram_ParstagramUITests.framework */; };
/* End PBXBuildFile section */

/* Begin PBXContainerItemProxy section */
		B0163B2925F0814500A8BCC1 /* PBXContainerItemProxy */ = {
			isa = PBXContainerItemProxy;
			containerPortal = B0163B0A25F0814100A8BCC1 /* Project object */;
			proxyType = 1;
			remoteGlobalIDString = B0163B1125F0814200A8BCC1;
			remoteInfo = Parstagram;
		};
		B0163B3425F0814500A8BCC1 /* PBXContainerItemProxy */ = {
			isa = PBXContainerItemProxy;
			containerPortal = B0163B0A25F0814100A8BCC1 /* Project object */;
			proxyType = 1;
			remoteGlobalIDString = B0163B1125F0814200A8BCC1;
			remoteInfo = Parstagram;
		};
/* End PBXContainerItemProxy section */

/* Begin PBXFileReference section */
		1C9371014AC8964D6392A239 /* Pods-Parstagram.debug.xcconfig */ = {isa = PBXFileReference; includeInIndex = 1; lastKnownFileType = text.xcconfig; name = "Pods-Parstagram.debug.xcconfig"; path = "Target Support Files/Pods-Parstagram/Pods-Parstagram.debug.xcconfig"; sourceTree = "<group>"; };
		3A43A429973B688DE6B685A3 /* Pods_ParstagramTests.framework */ = {isa = PBXFileReference; explicitFileType = wrapper.framework; includeInIndex = 0; path = Pods_ParstagramTests.framework; sourceTree = BUILT_PRODUCTS_DIR; };
		3B57D9C3D6E684D1B925A2C9 /* Pods-Parstagram-ParstagramUITests.release.xcconfig */ = {isa = PBXFileReference; includeInIndex = 1; lastKnownFileType = text.xcconfig; name = "Pods-Parstagram-ParstagramUITests.release.xcconfig"; path = "Target Support Files/Pods-Parstagram-ParstagramUITests/Pods-Parstagram-ParstagramUITests.release.xcconfig"; sourceTree = "<group>"; };
		684BDDBF89D8534054A3D72C /* Pods-Parstagram.release.xcconfig */ = {isa = PBXFileReference; includeInIndex = 1; lastKnownFileType = text.xcconfig; name = "Pods-Parstagram.release.xcconfig"; path = "Target Support Files/Pods-Parstagram/Pods-Parstagram.release.xcconfig"; sourceTree = "<group>"; };
		959F3EF5EC305C33C75FDDA6 /* Pods-ParstagramTests.release.xcconfig */ = {isa = PBXFileReference; includeInIndex = 1; lastKnownFileType = text.xcconfig; name = "Pods-ParstagramTests.release.xcconfig"; path = "Target Support Files/Pods-ParstagramTests/Pods-ParstagramTests.release.xcconfig"; sourceTree = "<group>"; };
		B0163B1225F0814200A8BCC1 /* Parstagram.app */ = {isa = PBXFileReference; explicitFileType = wrapper.application; includeInIndex = 0; path = Parstagram.app; sourceTree = BUILT_PRODUCTS_DIR; };
		B0163B1525F0814200A8BCC1 /* AppDelegate.swift */ = {isa = PBXFileReference; lastKnownFileType = sourcecode.swift; path = AppDelegate.swift; sourceTree = "<group>"; };
		B0163B1725F0814200A8BCC1 /* SceneDelegate.swift */ = {isa = PBXFileReference; lastKnownFileType = sourcecode.swift; path = SceneDelegate.swift; sourceTree = "<group>"; };
		B0163B1C25F0814200A8BCC1 /* Base */ = {isa = PBXFileReference; lastKnownFileType = file.storyboard; name = Base; path = Base.lproj/Main.storyboard; sourceTree = "<group>"; };
		B0163B1E25F0814500A8BCC1 /* Assets.xcassets */ = {isa = PBXFileReference; lastKnownFileType = folder.assetcatalog; path = Assets.xcassets; sourceTree = "<group>"; };
		B0163B2125F0814500A8BCC1 /* Base */ = {isa = PBXFileReference; lastKnownFileType = file.storyboard; name = Base; path = Base.lproj/LaunchScreen.storyboard; sourceTree = "<group>"; };
		B0163B2325F0814500A8BCC1 /* Info.plist */ = {isa = PBXFileReference; lastKnownFileType = text.plist.xml; path = Info.plist; sourceTree = "<group>"; };
		B0163B2825F0814500A8BCC1 /* ParstagramTests.xctest */ = {isa = PBXFileReference; explicitFileType = wrapper.cfbundle; includeInIndex = 0; path = ParstagramTests.xctest; sourceTree = BUILT_PRODUCTS_DIR; };
		B0163B2C25F0814500A8BCC1 /* ParstagramTests.swift */ = {isa = PBXFileReference; lastKnownFileType = sourcecode.swift; path = ParstagramTests.swift; sourceTree = "<group>"; };
		B0163B2E25F0814500A8BCC1 /* Info.plist */ = {isa = PBXFileReference; lastKnownFileType = text.plist.xml; path = Info.plist; sourceTree = "<group>"; };
		B0163B3325F0814500A8BCC1 /* ParstagramUITests.xctest */ = {isa = PBXFileReference; explicitFileType = wrapper.cfbundle; includeInIndex = 0; path = ParstagramUITests.xctest; sourceTree = BUILT_PRODUCTS_DIR; };
		B0163B3725F0814500A8BCC1 /* ParstagramUITests.swift */ = {isa = PBXFileReference; lastKnownFileType = sourcecode.swift; path = ParstagramUITests.swift; sourceTree = "<group>"; };
		B0163B3925F0814500A8BCC1 /* Info.plist */ = {isa = PBXFileReference; lastKnownFileType = text.plist.xml; path = Info.plist; sourceTree = "<group>"; };
		B0163B5725F0845100A8BCC1 /* LoginViewController.swift */ = {isa = PBXFileReference; lastKnownFileType = sourcecode.swift; path = LoginViewController.swift; sourceTree = "<group>"; };
		B0163B5C25F0848100A8BCC1 /* FeedViewController.swift */ = {isa = PBXFileReference; lastKnownFileType = sourcecode.swift; path = FeedViewController.swift; sourceTree = "<group>"; };
		B0163B6125F099EE00A8BCC1 /* CameraViewController.swift */ = {isa = PBXFileReference; lastKnownFileType = sourcecode.swift; path = CameraViewController.swift; sourceTree = "<group>"; };
		B09DE56425F2CDBE00C65951 /* PostCell.swift */ = {isa = PBXFileReference; lastKnownFileType = sourcecode.swift; path = PostCell.swift; sourceTree = "<group>"; };
		C972530FB0396CC79DFFC7E1 /* Pods_Parstagram.framework */ = {isa = PBXFileReference; explicitFileType = wrapper.framework; includeInIndex = 0; path = Pods_Parstagram.framework; sourceTree = BUILT_PRODUCTS_DIR; };
		D771AEFA1421E0AFD5D36644 /* Pods_Parstagram_ParstagramUITests.framework */ = {isa = PBXFileReference; explicitFileType = wrapper.framework; includeInIndex = 0; path = Pods_Parstagram_ParstagramUITests.framework; sourceTree = BUILT_PRODUCTS_DIR; };
		DC48187BAF046F818A6EE878 /* Pods-ParstagramTests.debug.xcconfig */ = {isa = PBXFileReference; includeInIndex = 1; lastKnownFileType = text.xcconfig; name = "Pods-ParstagramTests.debug.xcconfig"; path = "Target Support Files/Pods-ParstagramTests/Pods-ParstagramTests.debug.xcconfig"; sourceTree = "<group>"; };
		E864F3C6D79939F1A1067BE5 /* Pods-Parstagram-ParstagramUITests.debug.xcconfig */ = {isa = PBXFileReference; includeInIndex = 1; lastKnownFileType = text.xcconfig; name = "Pods-Parstagram-ParstagramUITests.debug.xcconfig"; path = "Target Support Files/Pods-Parstagram-ParstagramUITests/Pods-Parstagram-ParstagramUITests.debug.xcconfig"; sourceTree = "<group>"; };
/* End PBXFileReference section */

/* Begin PBXFrameworksBuildPhase section */
		B0163B0F25F0814200A8BCC1 /* Frameworks */ = {
			isa = PBXFrameworksBuildPhase;
			buildActionMask = 2147483647;
			files = (
				090E4117BF1CA6324FC6A5C5 /* Pods_Parstagram.framework in Frameworks */,
			);
			runOnlyForDeploymentPostprocessing = 0;
		};
		B0163B2525F0814500A8BCC1 /* Frameworks */ = {
			isa = PBXFrameworksBuildPhase;
			buildActionMask = 2147483647;
			files = (
				BA46EE8303BC0ACEF719AEFC /* Pods_ParstagramTests.framework in Frameworks */,
			);
			runOnlyForDeploymentPostprocessing = 0;
		};
		B0163B3025F0814500A8BCC1 /* Frameworks */ = {
			isa = PBXFrameworksBuildPhase;
			buildActionMask = 2147483647;
			files = (
				E796E8944DFFC0F81D39C6D2 /* Pods_Parstagram_ParstagramUITests.framework in Frameworks */,
			);
			runOnlyForDeploymentPostprocessing = 0;
		};
/* End PBXFrameworksBuildPhase section */

/* Begin PBXGroup section */
		2DE2C4B6430408DFF510CF24 /* Frameworks */ = {
			isa = PBXGroup;
			children = (
				C972530FB0396CC79DFFC7E1 /* Pods_Parstagram.framework */,
				D771AEFA1421E0AFD5D36644 /* Pods_Parstagram_ParstagramUITests.framework */,
				3A43A429973B688DE6B685A3 /* Pods_ParstagramTests.framework */,
			);
			name = Frameworks;
			sourceTree = "<group>";
		};
		B0163B0925F0814100A8BCC1 = {
			isa = PBXGroup;
			children = (
				B0163B1425F0814200A8BCC1 /* Parstagram */,
				B0163B2B25F0814500A8BCC1 /* ParstagramTests */,
				B0163B3625F0814500A8BCC1 /* ParstagramUITests */,
				B0163B1325F0814200A8BCC1 /* Products */,
				C6CF9E6CA1280599B4852BA7 /* Pods */,
				2DE2C4B6430408DFF510CF24 /* Frameworks */,
			);
			sourceTree = "<group>";
		};
		B0163B1325F0814200A8BCC1 /* Products */ = {
			isa = PBXGroup;
			children = (
				B0163B1225F0814200A8BCC1 /* Parstagram.app */,
				B0163B2825F0814500A8BCC1 /* ParstagramTests.xctest */,
				B0163B3325F0814500A8BCC1 /* ParstagramUITests.xctest */,
			);
			name = Products;
			sourceTree = "<group>";
		};
		B0163B1425F0814200A8BCC1 /* Parstagram */ = {
			isa = PBXGroup;
			children = (
				B0163B1525F0814200A8BCC1 /* AppDelegate.swift */,
				B0163B1725F0814200A8BCC1 /* SceneDelegate.swift */,
				B0163B1B25F0814200A8BCC1 /* Main.storyboard */,
				B0163B1E25F0814500A8BCC1 /* Assets.xcassets */,
				B0163B2025F0814500A8BCC1 /* LaunchScreen.storyboard */,
				B0163B2325F0814500A8BCC1 /* Info.plist */,
				B0163B5725F0845100A8BCC1 /* LoginViewController.swift */,
				B0163B5C25F0848100A8BCC1 /* FeedViewController.swift */,
				B0163B6125F099EE00A8BCC1 /* CameraViewController.swift */,
				B09DE56425F2CDBE00C65951 /* PostCell.swift */,
			);
			path = Parstagram;
			sourceTree = "<group>";
		};
		B0163B2B25F0814500A8BCC1 /* ParstagramTests */ = {
			isa = PBXGroup;
			children = (
				B0163B2C25F0814500A8BCC1 /* ParstagramTests.swift */,
				B0163B2E25F0814500A8BCC1 /* Info.plist */,
			);
			path = ParstagramTests;
			sourceTree = "<group>";
		};
		B0163B3625F0814500A8BCC1 /* ParstagramUITests */ = {
			isa = PBXGroup;
			children = (
				B0163B3725F0814500A8BCC1 /* ParstagramUITests.swift */,
				B0163B3925F0814500A8BCC1 /* Info.plist */,
			);
			path = ParstagramUITests;
			sourceTree = "<group>";
		};
		C6CF9E6CA1280599B4852BA7 /* Pods */ = {
			isa = PBXGroup;
			children = (
				1C9371014AC8964D6392A239 /* Pods-Parstagram.debug.xcconfig */,
				684BDDBF89D8534054A3D72C /* Pods-Parstagram.release.xcconfig */,
				E864F3C6D79939F1A1067BE5 /* Pods-Parstagram-ParstagramUITests.debug.xcconfig */,
				3B57D9C3D6E684D1B925A2C9 /* Pods-Parstagram-ParstagramUITests.release.xcconfig */,
				DC48187BAF046F818A6EE878 /* Pods-ParstagramTests.debug.xcconfig */,
				959F3EF5EC305C33C75FDDA6 /* Pods-ParstagramTests.release.xcconfig */,
			);
			path = Pods;
			sourceTree = "<group>";
		};
/* End PBXGroup section */

/* Begin PBXNativeTarget section */
		B0163B1125F0814200A8BCC1 /* Parstagram */ = {
			isa = PBXNativeTarget;
			buildConfigurationList = B0163B3C25F0814500A8BCC1 /* Build configuration list for PBXNativeTarget "Parstagram" */;
			buildPhases = (
				3DEB99DAC72E2EFBAE62700E /* [CP] Check Pods Manifest.lock */,
				B0163B0E25F0814200A8BCC1 /* Sources */,
				B0163B0F25F0814200A8BCC1 /* Frameworks */,
				B0163B1025F0814200A8BCC1 /* Resources */,
				C03284A3F73D239DBA0D0ECA /* [CP] Embed Pods Frameworks */,
			);
			buildRules = (
			);
			dependencies = (
			);
			name = Parstagram;
			productName = Parstagram;
			productReference = B0163B1225F0814200A8BCC1 /* Parstagram.app */;
			productType = "com.apple.product-type.application";
		};
		B0163B2725F0814500A8BCC1 /* ParstagramTests */ = {
			isa = PBXNativeTarget;
			buildConfigurationList = B0163B3F25F0814500A8BCC1 /* Build configuration list for PBXNativeTarget "ParstagramTests" */;
			buildPhases = (
				544E99E6B07BC9351C88CA71 /* [CP] Check Pods Manifest.lock */,
				B0163B2425F0814500A8BCC1 /* Sources */,
				B0163B2525F0814500A8BCC1 /* Frameworks */,
				B0163B2625F0814500A8BCC1 /* Resources */,
			);
			buildRules = (
			);
			dependencies = (
				B0163B2A25F0814500A8BCC1 /* PBXTargetDependency */,
			);
			name = ParstagramTests;
			productName = ParstagramTests;
			productReference = B0163B2825F0814500A8BCC1 /* ParstagramTests.xctest */;
			productType = "com.apple.product-type.bundle.unit-test";
		};
		B0163B3225F0814500A8BCC1 /* ParstagramUITests */ = {
			isa = PBXNativeTarget;
			buildConfigurationList = B0163B4225F0814500A8BCC1 /* Build configuration list for PBXNativeTarget "ParstagramUITests" */;
			buildPhases = (
				8637BBB983D05E3DB583E1B1 /* [CP] Check Pods Manifest.lock */,
				B0163B2F25F0814500A8BCC1 /* Sources */,
				B0163B3025F0814500A8BCC1 /* Frameworks */,
				B0163B3125F0814500A8BCC1 /* Resources */,
				95078BC37D8A53DCA96EE15C /* [CP] Embed Pods Frameworks */,
			);
			buildRules = (
			);
			dependencies = (
				B0163B3525F0814500A8BCC1 /* PBXTargetDependency */,
			);
			name = ParstagramUITests;
			productName = ParstagramUITests;
			productReference = B0163B3325F0814500A8BCC1 /* ParstagramUITests.xctest */;
			productType = "com.apple.product-type.bundle.ui-testing";
		};
/* End PBXNativeTarget section */

/* Begin PBXProject section */
		B0163B0A25F0814100A8BCC1 /* Project object */ = {
			isa = PBXProject;
			attributes = {
				LastSwiftUpdateCheck = 1220;
				LastUpgradeCheck = 1220;
				TargetAttributes = {
					B0163B1125F0814200A8BCC1 = {
						CreatedOnToolsVersion = 12.2;
					};
					B0163B2725F0814500A8BCC1 = {
						CreatedOnToolsVersion = 12.2;
						TestTargetID = B0163B1125F0814200A8BCC1;
					};
					B0163B3225F0814500A8BCC1 = {
						CreatedOnToolsVersion = 12.2;
						TestTargetID = B0163B1125F0814200A8BCC1;
					};
				};
			};
			buildConfigurationList = B0163B0D25F0814100A8BCC1 /* Build configuration list for PBXProject "Parstagram" */;
			compatibilityVersion = "Xcode 9.3";
			developmentRegion = en;
			hasScannedForEncodings = 0;
			knownRegions = (
				en,
				Base,
			);
			mainGroup = B0163B0925F0814100A8BCC1;
			productRefGroup = B0163B1325F0814200A8BCC1 /* Products */;
			projectDirPath = "";
			projectRoot = "";
			targets = (
				B0163B1125F0814200A8BCC1 /* Parstagram */,
				B0163B2725F0814500A8BCC1 /* ParstagramTests */,
				B0163B3225F0814500A8BCC1 /* ParstagramUITests */,
			);
		};
/* End PBXProject section */

/* Begin PBXResourcesBuildPhase section */
		B0163B1025F0814200A8BCC1 /* Resources */ = {
			isa = PBXResourcesBuildPhase;
			buildActionMask = 2147483647;
			files = (
				B0163B2225F0814500A8BCC1 /* LaunchScreen.storyboard in Resources */,
				B0163B1F25F0814500A8BCC1 /* Assets.xcassets in Resources */,
				B0163B1D25F0814200A8BCC1 /* Main.storyboard in Resources */,
			);
			runOnlyForDeploymentPostprocessing = 0;
		};
		B0163B2625F0814500A8BCC1 /* Resources */ = {
			isa = PBXResourcesBuildPhase;
			buildActionMask = 2147483647;
			files = (
			);
			runOnlyForDeploymentPostprocessing = 0;
		};
		B0163B3125F0814500A8BCC1 /* Resources */ = {
			isa = PBXResourcesBuildPhase;
			buildActionMask = 2147483647;
			files = (
			);
			runOnlyForDeploymentPostprocessing = 0;
		};
/* End PBXResourcesBuildPhase section */

/* Begin PBXShellScriptBuildPhase section */
		3DEB99DAC72E2EFBAE62700E /* [CP] Check Pods Manifest.lock */ = {
			isa = PBXShellScriptBuildPhase;
			buildActionMask = 2147483647;
			files = (
			);
			inputFileListPaths = (
			);
			inputPaths = (
				"${PODS_PODFILE_DIR_PATH}/Podfile.lock",
				"${PODS_ROOT}/Manifest.lock",
			);
			name = "[CP] Check Pods Manifest.lock";
			outputFileListPaths = (
			);
			outputPaths = (
				"$(DERIVED_FILE_DIR)/Pods-Parstagram-checkManifestLockResult.txt",
			);
			runOnlyForDeploymentPostprocessing = 0;
			shellPath = /bin/sh;
			shellScript = "diff \"${PODS_PODFILE_DIR_PATH}/Podfile.lock\" \"${PODS_ROOT}/Manifest.lock\" > /dev/null\nif [ $? != 0 ] ; then\n    # print error to STDERR\n    echo \"error: The sandbox is not in sync with the Podfile.lock. Run 'pod install' or update your CocoaPods installation.\" >&2\n    exit 1\nfi\n# This output is used by Xcode 'outputs' to avoid re-running this script phase.\necho \"SUCCESS\" > \"${SCRIPT_OUTPUT_FILE_0}\"\n";
			showEnvVarsInLog = 0;
		};
		544E99E6B07BC9351C88CA71 /* [CP] Check Pods Manifest.lock */ = {
			isa = PBXShellScriptBuildPhase;
			buildActionMask = 2147483647;
			files = (
			);
			inputFileListPaths = (
			);
			inputPaths = (
				"${PODS_PODFILE_DIR_PATH}/Podfile.lock",
				"${PODS_ROOT}/Manifest.lock",
			);
			name = "[CP] Check Pods Manifest.lock";
			outputFileListPaths = (
			);
			outputPaths = (
				"$(DERIVED_FILE_DIR)/Pods-ParstagramTests-checkManifestLockResult.txt",
			);
			runOnlyForDeploymentPostprocessing = 0;
			shellPath = /bin/sh;
			shellScript = "diff \"${PODS_PODFILE_DIR_PATH}/Podfile.lock\" \"${PODS_ROOT}/Manifest.lock\" > /dev/null\nif [ $? != 0 ] ; then\n    # print error to STDERR\n    echo \"error: The sandbox is not in sync with the Podfile.lock. Run 'pod install' or update your CocoaPods installation.\" >&2\n    exit 1\nfi\n# This output is used by Xcode 'outputs' to avoid re-running this script phase.\necho \"SUCCESS\" > \"${SCRIPT_OUTPUT_FILE_0}\"\n";
			showEnvVarsInLog = 0;
		};
		8637BBB983D05E3DB583E1B1 /* [CP] Check Pods Manifest.lock */ = {
			isa = PBXShellScriptBuildPhase;
			buildActionMask = 2147483647;
			files = (
			);
			inputFileListPaths = (
			);
			inputPaths = (
				"${PODS_PODFILE_DIR_PATH}/Podfile.lock",
				"${PODS_ROOT}/Manifest.lock",
			);
			name = "[CP] Check Pods Manifest.lock";
			outputFileListPaths = (
			);
			outputPaths = (
				"$(DERIVED_FILE_DIR)/Pods-Parstagram-ParstagramUITests-checkManifestLockResult.txt",
			);
			runOnlyForDeploymentPostprocessing = 0;
			shellPath = /bin/sh;
			shellScript = "diff \"${PODS_PODFILE_DIR_PATH}/Podfile.lock\" \"${PODS_ROOT}/Manifest.lock\" > /dev/null\nif [ $? != 0 ] ; then\n    # print error to STDERR\n    echo \"error: The sandbox is not in sync with the Podfile.lock. Run 'pod install' or update your CocoaPods installation.\" >&2\n    exit 1\nfi\n# This output is used by Xcode 'outputs' to avoid re-running this script phase.\necho \"SUCCESS\" > \"${SCRIPT_OUTPUT_FILE_0}\"\n";
			showEnvVarsInLog = 0;
		};
		95078BC37D8A53DCA96EE15C /* [CP] Embed Pods Frameworks */ = {
			isa = PBXShellScriptBuildPhase;
			buildActionMask = 2147483647;
			files = (
			);
			inputFileListPaths = (
				"${PODS_ROOT}/Target Support Files/Pods-Parstagram-ParstagramUITests/Pods-Parstagram-ParstagramUITests-frameworks-${CONFIGURATION}-input-files.xcfilelist",
			);
			name = "[CP] Embed Pods Frameworks";
			outputFileListPaths = (
				"${PODS_ROOT}/Target Support Files/Pods-Parstagram-ParstagramUITests/Pods-Parstagram-ParstagramUITests-frameworks-${CONFIGURATION}-output-files.xcfilelist",
			);
			runOnlyForDeploymentPostprocessing = 0;
			shellPath = /bin/sh;
			shellScript = "\"${PODS_ROOT}/Target Support Files/Pods-Parstagram-ParstagramUITests/Pods-Parstagram-ParstagramUITests-frameworks.sh\"\n";
			showEnvVarsInLog = 0;
		};
		C03284A3F73D239DBA0D0ECA /* [CP] Embed Pods Frameworks */ = {
			isa = PBXShellScriptBuildPhase;
			buildActionMask = 2147483647;
			files = (
			);
			inputFileListPaths = (
				"${PODS_ROOT}/Target Support Files/Pods-Parstagram/Pods-Parstagram-frameworks-${CONFIGURATION}-input-files.xcfilelist",
			);
			name = "[CP] Embed Pods Frameworks";
			outputFileListPaths = (
				"${PODS_ROOT}/Target Support Files/Pods-Parstagram/Pods-Parstagram-frameworks-${CONFIGURATION}-output-files.xcfilelist",
			);
			runOnlyForDeploymentPostprocessing = 0;
			shellPath = /bin/sh;
			shellScript = "\"${PODS_ROOT}/Target Support Files/Pods-Parstagram/Pods-Parstagram-frameworks.sh\"\n";
			showEnvVarsInLog = 0;
		};
/* End PBXShellScriptBuildPhase section */

/* Begin PBXSourcesBuildPhase section */
		B0163B0E25F0814200A8BCC1 /* Sources */ = {
			isa = PBXSourcesBuildPhase;
			buildActionMask = 2147483647;
			files = (
				B0163B5825F0845100A8BCC1 /* LoginViewController.swift in Sources */,
				B0163B6225F099EE00A8BCC1 /* CameraViewController.swift in Sources */,
				B0163B1625F0814200A8BCC1 /* AppDelegate.swift in Sources */,
				B0163B5D25F0848100A8BCC1 /* FeedViewController.swift in Sources */,
				B0163B1825F0814200A8BCC1 /* SceneDelegate.swift in Sources */,
				B09DE56525F2CDBF00C65951 /* PostCell.swift in Sources */,
			);
			runOnlyForDeploymentPostprocessing = 0;
		};
		B0163B2425F0814500A8BCC1 /* Sources */ = {
			isa = PBXSourcesBuildPhase;
			buildActionMask = 2147483647;
			files = (
				B0163B2D25F0814500A8BCC1 /* ParstagramTests.swift in Sources */,
			);
			runOnlyForDeploymentPostprocessing = 0;
		};
		B0163B2F25F0814500A8BCC1 /* Sources */ = {
			isa = PBXSourcesBuildPhase;
			buildActionMask = 2147483647;
			files = (
				B0163B3825F0814500A8BCC1 /* ParstagramUITests.swift in Sources */,
			);
			runOnlyForDeploymentPostprocessing = 0;
		};
/* End PBXSourcesBuildPhase section */

/* Begin PBXTargetDependency section */
		B0163B2A25F0814500A8BCC1 /* PBXTargetDependency */ = {
			isa = PBXTargetDependency;
			target = B0163B1125F0814200A8BCC1 /* Parstagram */;
			targetProxy = B0163B2925F0814500A8BCC1 /* PBXContainerItemProxy */;
		};
		B0163B3525F0814500A8BCC1 /* PBXTargetDependency */ = {
			isa = PBXTargetDependency;
			target = B0163B1125F0814200A8BCC1 /* Parstagram */;
			targetProxy = B0163B3425F0814500A8BCC1 /* PBXContainerItemProxy */;
		};
/* End PBXTargetDependency section */

/* Begin PBXVariantGroup section */
		B0163B1B25F0814200A8BCC1 /* Main.storyboard */ = {
			isa = PBXVariantGroup;
			children = (
				B0163B1C25F0814200A8BCC1 /* Base */,
			);
			name = Main.storyboard;
			sourceTree = "<group>";
		};
		B0163B2025F0814500A8BCC1 /* LaunchScreen.storyboard */ = {
			isa = PBXVariantGroup;
			children = (
				B0163B2125F0814500A8BCC1 /* Base */,
			);
			name = LaunchScreen.storyboard;
			sourceTree = "<group>";
		};
/* End PBXVariantGroup section */

/* Begin XCBuildConfiguration section */
		B0163B3A25F0814500A8BCC1 /* Debug */ = {
			isa = XCBuildConfiguration;
			buildSettings = {
				ALWAYS_SEARCH_USER_PATHS = NO;
				CLANG_ANALYZER_NONNULL = YES;
				CLANG_ANALYZER_NUMBER_OBJECT_CONVERSION = YES_AGGRESSIVE;
				CLANG_CXX_LANGUAGE_STANDARD = "gnu++14";
				CLANG_CXX_LIBRARY = "libc++";
				CLANG_ENABLE_MODULES = YES;
				CLANG_ENABLE_OBJC_ARC = YES;
				CLANG_ENABLE_OBJC_WEAK = YES;
				CLANG_WARN_BLOCK_CAPTURE_AUTORELEASING = YES;
				CLANG_WARN_BOOL_CONVERSION = YES;
				CLANG_WARN_COMMA = YES;
				CLANG_WARN_CONSTANT_CONVERSION = YES;
				CLANG_WARN_DEPRECATED_OBJC_IMPLEMENTATIONS = YES;
				CLANG_WARN_DIRECT_OBJC_ISA_USAGE = YES_ERROR;
				CLANG_WARN_DOCUMENTATION_COMMENTS = YES;
				CLANG_WARN_EMPTY_BODY = YES;
				CLANG_WARN_ENUM_CONVERSION = YES;
				CLANG_WARN_INFINITE_RECURSION = YES;
				CLANG_WARN_INT_CONVERSION = YES;
				CLANG_WARN_NON_LITERAL_NULL_CONVERSION = YES;
				CLANG_WARN_OBJC_IMPLICIT_RETAIN_SELF = YES;
				CLANG_WARN_OBJC_LITERAL_CONVERSION = YES;
				CLANG_WARN_OBJC_ROOT_CLASS = YES_ERROR;
				CLANG_WARN_QUOTED_INCLUDE_IN_FRAMEWORK_HEADER = YES;
				CLANG_WARN_RANGE_LOOP_ANALYSIS = YES;
				CLANG_WARN_STRICT_PROTOTYPES = YES;
				CLANG_WARN_SUSPICIOUS_MOVE = YES;
				CLANG_WARN_UNGUARDED_AVAILABILITY = YES_AGGRESSIVE;
				CLANG_WARN_UNREACHABLE_CODE = YES;
				CLANG_WARN__DUPLICATE_METHOD_MATCH = YES;
				COPY_PHASE_STRIP = NO;
				DEBUG_INFORMATION_FORMAT = dwarf;
				ENABLE_STRICT_OBJC_MSGSEND = YES;
				ENABLE_TESTABILITY = YES;
				GCC_C_LANGUAGE_STANDARD = gnu11;
				GCC_DYNAMIC_NO_PIC = NO;
				GCC_NO_COMMON_BLOCKS = YES;
				GCC_OPTIMIZATION_LEVEL = 0;
				GCC_PREPROCESSOR_DEFINITIONS = (
					"DEBUG=1",
					"$(inherited)",
				);
				GCC_WARN_64_TO_32_BIT_CONVERSION = YES;
				GCC_WARN_ABOUT_RETURN_TYPE = YES_ERROR;
				GCC_WARN_UNDECLARED_SELECTOR = YES;
				GCC_WARN_UNINITIALIZED_AUTOS = YES_AGGRESSIVE;
				GCC_WARN_UNUSED_FUNCTION = YES;
				GCC_WARN_UNUSED_VARIABLE = YES;
				IPHONEOS_DEPLOYMENT_TARGET = 14.2;
				MTL_ENABLE_DEBUG_INFO = INCLUDE_SOURCE;
				MTL_FAST_MATH = YES;
				ONLY_ACTIVE_ARCH = YES;
				SDKROOT = iphoneos;
				SWIFT_ACTIVE_COMPILATION_CONDITIONS = DEBUG;
				SWIFT_OPTIMIZATION_LEVEL = "-Onone";
			};
			name = Debug;
		};
		B0163B3B25F0814500A8BCC1 /* Release */ = {
			isa = XCBuildConfiguration;
			buildSettings = {
				ALWAYS_SEARCH_USER_PATHS = NO;
				CLANG_ANALYZER_NONNULL = YES;
				CLANG_ANALYZER_NUMBER_OBJECT_CONVERSION = YES_AGGRESSIVE;
				CLANG_CXX_LANGUAGE_STANDARD = "gnu++14";
				CLANG_CXX_LIBRARY = "libc++";
				CLANG_ENABLE_MODULES = YES;
				CLANG_ENABLE_OBJC_ARC = YES;
				CLANG_ENABLE_OBJC_WEAK = YES;
				CLANG_WARN_BLOCK_CAPTURE_AUTORELEASING = YES;
				CLANG_WARN_BOOL_CONVERSION = YES;
				CLANG_WARN_COMMA = YES;
				CLANG_WARN_CONSTANT_CONVERSION = YES;
				CLANG_WARN_DEPRECATED_OBJC_IMPLEMENTATIONS = YES;
				CLANG_WARN_DIRECT_OBJC_ISA_USAGE = YES_ERROR;
				CLANG_WARN_DOCUMENTATION_COMMENTS = YES;
				CLANG_WARN_EMPTY_BODY = YES;
				CLANG_WARN_ENUM_CONVERSION = YES;
				CLANG_WARN_INFINITE_RECURSION = YES;
				CLANG_WARN_INT_CONVERSION = YES;
				CLANG_WARN_NON_LITERAL_NULL_CONVERSION = YES;
				CLANG_WARN_OBJC_IMPLICIT_RETAIN_SELF = YES;
				CLANG_WARN_OBJC_LITERAL_CONVERSION = YES;
				CLANG_WARN_OBJC_ROOT_CLASS = YES_ERROR;
				CLANG_WARN_QUOTED_INCLUDE_IN_FRAMEWORK_HEADER = YES;
				CLANG_WARN_RANGE_LOOP_ANALYSIS = YES;
				CLANG_WARN_STRICT_PROTOTYPES = YES;
				CLANG_WARN_SUSPICIOUS_MOVE = YES;
				CLANG_WARN_UNGUARDED_AVAILABILITY = YES_AGGRESSIVE;
				CLANG_WARN_UNREACHABLE_CODE = YES;
				CLANG_WARN__DUPLICATE_METHOD_MATCH = YES;
				COPY_PHASE_STRIP = NO;
				DEBUG_INFORMATION_FORMAT = "dwarf-with-dsym";
				ENABLE_NS_ASSERTIONS = NO;
				ENABLE_STRICT_OBJC_MSGSEND = YES;
				GCC_C_LANGUAGE_STANDARD = gnu11;
				GCC_NO_COMMON_BLOCKS = YES;
				GCC_WARN_64_TO_32_BIT_CONVERSION = YES;
				GCC_WARN_ABOUT_RETURN_TYPE = YES_ERROR;
				GCC_WARN_UNDECLARED_SELECTOR = YES;
				GCC_WARN_UNINITIALIZED_AUTOS = YES_AGGRESSIVE;
				GCC_WARN_UNUSED_FUNCTION = YES;
				GCC_WARN_UNUSED_VARIABLE = YES;
				IPHONEOS_DEPLOYMENT_TARGET = 14.2;
				MTL_ENABLE_DEBUG_INFO = NO;
				MTL_FAST_MATH = YES;
				SDKROOT = iphoneos;
				SWIFT_COMPILATION_MODE = wholemodule;
				SWIFT_OPTIMIZATION_LEVEL = "-O";
				VALIDATE_PRODUCT = YES;
			};
			name = Release;
		};
		B0163B3D25F0814500A8BCC1 /* Debug */ = {
			isa = XCBuildConfiguration;
			baseConfigurationReference = 1C9371014AC8964D6392A239 /* Pods-Parstagram.debug.xcconfig */;
			buildSettings = {
				ASSETCATALOG_COMPILER_APPICON_NAME = AppIcon;
				ASSETCATALOG_COMPILER_GLOBAL_ACCENT_COLOR_NAME = AccentColor;
				CODE_SIGN_STYLE = Automatic;
				DEVELOPMENT_TEAM = PT3N4CM9HS;
				INFOPLIST_FILE = Parstagram/Info.plist;
				LD_RUNPATH_SEARCH_PATHS = (
					"$(inherited)",
					"@executable_path/Frameworks",
				);
				PRODUCT_BUNDLE_IDENTIFIER = tylerrhb11.Parstagram;
				PRODUCT_NAME = "$(TARGET_NAME)";
				SWIFT_VERSION = 5.0;
				TARGETED_DEVICE_FAMILY = "1,2";
			};
			name = Debug;
		};
		B0163B3E25F0814500A8BCC1 /* Release */ = {
			isa = XCBuildConfiguration;
			baseConfigurationReference = 684BDDBF89D8534054A3D72C /* Pods-Parstagram.release.xcconfig */;
			buildSettings = {
				ASSETCATALOG_COMPILER_APPICON_NAME = AppIcon;
				ASSETCATALOG_COMPILER_GLOBAL_ACCENT_COLOR_NAME = AccentColor;
				CODE_SIGN_STYLE = Automatic;
				DEVELOPMENT_TEAM = PT3N4CM9HS;
				INFOPLIST_FILE = Parstagram/Info.plist;
				LD_RUNPATH_SEARCH_PATHS = (
					"$(inherited)",
					"@executable_path/Frameworks",
				);
				PRODUCT_BUNDLE_IDENTIFIER = tylerrhb11.Parstagram;
				PRODUCT_NAME = "$(TARGET_NAME)";
				SWIFT_VERSION = 5.0;
				TARGETED_DEVICE_FAMILY = "1,2";
			};
			name = Release;
		};
		B0163B4025F0814500A8BCC1 /* Debug */ = {
			isa = XCBuildConfiguration;
			baseConfigurationReference = DC48187BAF046F818A6EE878 /* Pods-ParstagramTests.debug.xcconfig */;
			buildSettings = {
				ALWAYS_EMBED_SWIFT_STANDARD_LIBRARIES = YES;
				BUNDLE_LOADER = "$(TEST_HOST)";
				CODE_SIGN_STYLE = Automatic;
				DEVELOPMENT_TEAM = PT3N4CM9HS;
				INFOPLIST_FILE = ParstagramTests/Info.plist;
				IPHONEOS_DEPLOYMENT_TARGET = 14.2;
				LD_RUNPATH_SEARCH_PATHS = (
					"$(inherited)",
					"@executable_path/Frameworks",
					"@loader_path/Frameworks",
				);
				PRODUCT_BUNDLE_IDENTIFIER = tylerrhb11.ParstagramTests;
				PRODUCT_NAME = "$(TARGET_NAME)";
				SWIFT_VERSION = 5.0;
				TARGETED_DEVICE_FAMILY = "1,2";
				TEST_HOST = "$(BUILT_PRODUCTS_DIR)/Parstagram.app/Parstagram";
			};
			name = Debug;
		};
		B0163B4125F0814500A8BCC1 /* Release */ = {
			isa = XCBuildConfiguration;
			baseConfigurationReference = 959F3EF5EC305C33C75FDDA6 /* Pods-ParstagramTests.release.xcconfig */;
			buildSettings = {
				ALWAYS_EMBED_SWIFT_STANDARD_LIBRARIES = YES;
				BUNDLE_LOADER = "$(TEST_HOST)";
				CODE_SIGN_STYLE = Automatic;
				DEVELOPMENT_TEAM = PT3N4CM9HS;
				INFOPLIST_FILE = ParstagramTests/Info.plist;
				IPHONEOS_DEPLOYMENT_TARGET = 14.2;
				LD_RUNPATH_SEARCH_PATHS = (
					"$(inherited)",
					"@executable_path/Frameworks",
					"@loader_path/Frameworks",
				);
				PRODUCT_BUNDLE_IDENTIFIER = tylerrhb11.ParstagramTests;
				PRODUCT_NAME = "$(TARGET_NAME)";
				SWIFT_VERSION = 5.0;
				TARGETED_DEVICE_FAMILY = "1,2";
				TEST_HOST = "$(BUILT_PRODUCTS_DIR)/Parstagram.app/Parstagram";
			};
			name = Release;
		};
		B0163B4325F0814500A8BCC1 /* Debug */ = {
			isa = XCBuildConfiguration;
			baseConfigurationReference = E864F3C6D79939F1A1067BE5 /* Pods-Parstagram-ParstagramUITests.debug.xcconfig */;
			buildSettings = {
				ALWAYS_EMBED_SWIFT_STANDARD_LIBRARIES = YES;
				CODE_SIGN_STYLE = Automatic;
				DEVELOPMENT_TEAM = PT3N4CM9HS;
				INFOPLIST_FILE = ParstagramUITests/Info.plist;
				LD_RUNPATH_SEARCH_PATHS = (
					"$(inherited)",
					"@executable_path/Frameworks",
					"@loader_path/Frameworks",
				);
				PRODUCT_BUNDLE_IDENTIFIER = tylerrhb11.ParstagramUITests;
				PRODUCT_NAME = "$(TARGET_NAME)";
				SWIFT_VERSION = 5.0;
				TARGETED_DEVICE_FAMILY = "1,2";
				TEST_TARGET_NAME = Parstagram;
			};
			name = Debug;
		};
		B0163B4425F0814500A8BCC1 /* Release */ = {
			isa = XCBuildConfiguration;
			baseConfigurationReference = 3B57D9C3D6E684D1B925A2C9 /* Pods-Parstagram-ParstagramUITests.release.xcconfig */;
			buildSettings = {
				ALWAYS_EMBED_SWIFT_STANDARD_LIBRARIES = YES;
				CODE_SIGN_STYLE = Automatic;
				DEVELOPMENT_TEAM = PT3N4CM9HS;
				INFOPLIST_FILE = ParstagramUITests/Info.plist;
				LD_RUNPATH_SEARCH_PATHS = (
					"$(inherited)",
					"@executable_path/Frameworks",
					"@loader_path/Frameworks",
				);
				PRODUCT_BUNDLE_IDENTIFIER = tylerrhb11.ParstagramUITests;
				PRODUCT_NAME = "$(TARGET_NAME)";
				SWIFT_VERSION = 5.0;
				TARGETED_DEVICE_FAMILY = "1,2";
				TEST_TARGET_NAME = Parstagram;
			};
			name = Release;
		};
/* End XCBuildConfiguration section */

/* Begin XCConfigurationList section */
		B0163B0D25F0814100A8BCC1 /* Build configuration list for PBXProject "Parstagram" */ = {
			isa = XCConfigurationList;
			buildConfigurations = (
				B0163B3A25F0814500A8BCC1 /* Debug */,
				B0163B3B25F0814500A8BCC1 /* Release */,
			);
			defaultConfigurationIsVisible = 0;
			defaultConfigurationName = Release;
		};
		B0163B3C25F0814500A8BCC1 /* Build configuration list for PBXNativeTarget "Parstagram" */ = {
			isa = XCConfigurationList;
			buildConfigurations = (
				B0163B3D25F0814500A8BCC1 /* Debug */,
				B0163B3E25F0814500A8BCC1 /* Release */,
			);
			defaultConfigurationIsVisible = 0;
			defaultConfigurationName = Release;
		};
		B0163B3F25F0814500A8BCC1 /* Build configuration list for PBXNativeTarget "ParstagramTests" */ = {
			isa = XCConfigurationList;
			buildConfigurations = (
				B0163B4025F0814500A8BCC1 /* Debug */,
				B0163B4125F0814500A8BCC1 /* Release */,
			);
			defaultConfigurationIsVisible = 0;
			defaultConfigurationName = Release;
		};
		B0163B4225F0814500A8BCC1 /* Build configuration list for PBXNativeTarget "ParstagramUITests" */ = {
			isa = XCConfigurationList;
			buildConfigurations = (
				B0163B4325F0814500A8BCC1 /* Debug */,
				B0163B4425F0814500A8BCC1 /* Release */,
			);
			defaultConfigurationIsVisible = 0;
			defaultConfigurationName = Release;
		};
/* End XCConfigurationList section */
	};
	rootObject = B0163B0A25F0814100A8BCC1 /* Project object */;
}
